
Microsoft Visual Studio Solution File, Format Version 12.00
# Visual Studio Version 17
VisualStudioVersion = 17.9.34728.123
MinimumVisualStudioVersion = 10.0.40219.1
Project("{FAE04EC0-301F-11D3-BF4B-00C04F79EFBC}") = "Test", "Test.csproj", "{98A2E595-93C8-40D5-838B-732184D3B218}"
EndProject
Global
	GlobalSection(SolutionConfigurationPlatforms) = preSolution
		Debug|Any CPU = Debug|Any CPU
		Release|Any CPU = Release|Any CPU
	EndGlobalSection
	GlobalSection(ProjectConfigurationPlatforms) = postSolution
		{98A2E595-93C8-40D5-838B-732184D3B218}.Debug|Any CPU.ActiveCfg = Debug|Any CPU
		{98A2E595-93C8-40D5-838B-732184D3B218}.Debug|Any CPU.Build.0 = Debug|Any CPU
		{98A2E595-93C8-40D5-838B-732184D3B218}.Release|Any CPU.ActiveCfg = Release|Any CPU
		{98A2E595-93C8-40D5-838B-732184D3B218}.Release|Any CPU.Build.0 = Release|Any CPU
	EndGlobalSection
	GlobalSection(SolutionProperties) = preSolution
		HideSolutionNode = FALSE
	EndGlobalSection
	GlobalSection(ExtensibilityGlobals) = postSolution
		SolutionGuid = {D7FA7305-E113-4F89-BE1E-8D1837595760}
	EndGlobalSection
EndGlobal
